// !$*UTF8*$!
{
	archiveVersion = 1;
	classes = {
	};
	objectVersion = 46;
	objects = {

/* Begin PBXBuildFile section */
		1806D7901BF97AB00069B693 /* libzbar.a in Frameworks */ = {isa = PBXBuildFile; fileRef = 1806D78A1BF97AB00069B693 /* libzbar.a */; };
		1806D7911BF97AB00069B693 /* zbar-back.png in Resources */ = {isa = PBXBuildFile; fileRef = 1806D78C1BF97AB00069B693 /* zbar-back.png */; };
		1806D7921BF97AB00069B693 /* zbar-help.html in Resources */ = {isa = PBXBuildFile; fileRef = 1806D78D1BF97AB00069B693 /* zbar-help.html */; };
		1806D7931BF97AB00069B693 /* zbar-helpicons.png in Resources */ = {isa = PBXBuildFile; fileRef = 1806D78E1BF97AB00069B693 /* zbar-helpicons.png */; };
		1806D7941BF97AB00069B693 /* zbar-samples.png in Resources */ = {isa = PBXBuildFile; fileRef = 1806D78F1BF97AB00069B693 /* zbar-samples.png */; };
		1806D79B1BF9E7760069B693 /* libiconv.tbd in Frameworks */ = {isa = PBXBuildFile; fileRef = 1806D79A1BF9E7760069B693 /* libiconv.tbd */; };
		1843E10E1BE752C900FDD8E4 /* main.m in Sources */ = {isa = PBXBuildFile; fileRef = 1843E10D1BE752C900FDD8E4 /* main.m */; };
		1843E1111BE752C900FDD8E4 /* AppDelegate.m in Sources */ = {isa = PBXBuildFile; fileRef = 1843E1101BE752C900FDD8E4 /* AppDelegate.m */; };
		1843E1171BE752C900FDD8E4 /* Main.storyboard in Resources */ = {isa = PBXBuildFile; fileRef = 1843E1151BE752C900FDD8E4 /* Main.storyboard */; };
		1843E1191BE752C900FDD8E4 /* Assets.xcassets in Resources */ = {isa = PBXBuildFile; fileRef = 1843E1181BE752C900FDD8E4 /* Assets.xcassets */; };
		1843E11C1BE752C900FDD8E4 /* LaunchScreen.storyboard in Resources */ = {isa = PBXBuildFile; fileRef = 1843E11A1BE752C900FDD8E4 /* LaunchScreen.storyboard */; };
		1843E1271BE752CA00FDD8E4 /* QRCodeDemoTests.m in Sources */ = {isa = PBXBuildFile; fileRef = 1843E1261BE752CA00FDD8E4 /* QRCodeDemoTests.m */; };
		1843E1321BE752CB00FDD8E4 /* QRCodeDemoUITests.m in Sources */ = {isa = PBXBuildFile; fileRef = 1843E1311BE752CB00FDD8E4 /* QRCodeDemoUITests.m */; };
		1843E1411BE757D800FDD8E4 /* QRCodeViewController.m in Sources */ = {isa = PBXBuildFile; fileRef = 1843E1401BE757D800FDD8E4 /* QRCodeViewController.m */; };
		1843E1441BE75AEA00FDD8E4 /* ViewController.m in Sources */ = {isa = PBXBuildFile; fileRef = 1843E1431BE75AEA00FDD8E4 /* ViewController.m */; };
		186963011BFEABC0007A0693 /* QROverlayView.m in Sources */ = {isa = PBXBuildFile; fileRef = 186963001BFEABC0007A0693 /* QROverlayView.m */; };
		18FAF1F41BF5B39E00A06040 /* QRUtil.m in Sources */ = {isa = PBXBuildFile; fileRef = 18FAF1F31BF5B39E00A06040 /* QRUtil.m */; };
		AAC8413AE6C5BD7290A8DE87 /* Pods_QRCodeDemo.framework in Frameworks */ = {isa = PBXBuildFile; fileRef = 346A93251097907FA92EA0DD /* Pods_QRCodeDemo.framework */; };
/* End PBXBuildFile section */

/* Begin PBXContainerItemProxy section */
		1843E1231BE752CA00FDD8E4 /* PBXContainerItemProxy */ = {
			isa = PBXContainerItemProxy;
			containerPortal = 1843E1011BE752C900FDD8E4 /* Project object */;
			proxyType = 1;
			remoteGlobalIDString = 1843E1081BE752C900FDD8E4;
			remoteInfo = QRCodeDemo;
		};
		1843E12E1BE752CA00FDD8E4 /* PBXContainerItemProxy */ = {
			isa = PBXContainerItemProxy;
			containerPortal = 1843E1011BE752C900FDD8E4 /* Project object */;
			proxyType = 1;
			remoteGlobalIDString = 1843E1081BE752C900FDD8E4;
			remoteInfo = QRCodeDemo;
		};
/* End PBXContainerItemProxy section */

/* Begin PBXFileReference section */
		1806D7761BF97AB00069B693 /* Decoder.h */ = {isa = PBXFileReference; fileEncoding = 4; lastKnownFileType = sourcecode.c.h; path = Decoder.h; sourceTree = "<group>"; };
		1806D7771BF97AB00069B693 /* Exception.h */ = {isa = PBXFileReference; fileEncoding = 4; lastKnownFileType = sourcecode.c.h; path = Exception.h; sourceTree = "<group>"; };
		1806D7781BF97AB00069B693 /* Image.h */ = {isa = PBXFileReference; fileEncoding = 4; lastKnownFileType = sourcecode.c.h; path = Image.h; sourceTree = "<group>"; };
		1806D7791BF97AB00069B693 /* ImageScanner.h */ = {isa = PBXFileReference; fileEncoding = 4; lastKnownFileType = sourcecode.c.h; path = ImageScanner.h; sourceTree = "<group>"; };
		1806D77A1BF97AB00069B693 /* Processor.h */ = {isa = PBXFileReference; fileEncoding = 4; lastKnownFileType = sourcecode.c.h; path = Processor.h; sourceTree = "<group>"; };
		1806D77B1BF97AB00069B693 /* Scanner.h */ = {isa = PBXFileReference; fileEncoding = 4; lastKnownFileType = sourcecode.c.h; path = Scanner.h; sourceTree = "<group>"; };
		1806D77C1BF97AB00069B693 /* Symbol.h */ = {isa = PBXFileReference; fileEncoding = 4; lastKnownFileType = sourcecode.c.h; path = Symbol.h; sourceTree = "<group>"; };
		1806D77D1BF97AB00069B693 /* Video.h */ = {isa = PBXFileReference; fileEncoding = 4; lastKnownFileType = sourcecode.c.h; path = Video.h; sourceTree = "<group>"; };
		1806D77E1BF97AB00069B693 /* Window.h */ = {isa = PBXFileReference; fileEncoding = 4; lastKnownFileType = sourcecode.c.h; path = Window.h; sourceTree = "<group>"; };
		1806D77F1BF97AB00069B693 /* zbar.h */ = {isa = PBXFileReference; fileEncoding = 4; lastKnownFileType = sourcecode.c.h; path = zbar.h; sourceTree = "<group>"; };
		1806D7801BF97AB00069B693 /* ZBarCameraSimulator.h */ = {isa = PBXFileReference; fileEncoding = 4; lastKnownFileType = sourcecode.c.h; path = ZBarCameraSimulator.h; sourceTree = "<group>"; };
		1806D7811BF97AB00069B693 /* ZBarCaptureReader.h */ = {isa = PBXFileReference; fileEncoding = 4; lastKnownFileType = sourcecode.c.h; path = ZBarCaptureReader.h; sourceTree = "<group>"; };
		1806D7821BF97AB00069B693 /* ZBarHelpController.h */ = {isa = PBXFileReference; fileEncoding = 4; lastKnownFileType = sourcecode.c.h; path = ZBarHelpController.h; sourceTree = "<group>"; };
		1806D7831BF97AB00069B693 /* ZBarImage.h */ = {isa = PBXFileReference; fileEncoding = 4; lastKnownFileType = sourcecode.c.h; path = ZBarImage.h; sourceTree = "<group>"; };
		1806D7841BF97AB00069B693 /* ZBarImageScanner.h */ = {isa = PBXFileReference; fileEncoding = 4; lastKnownFileType = sourcecode.c.h; path = ZBarImageScanner.h; sourceTree = "<group>"; };
		1806D7851BF97AB00069B693 /* ZBarReaderController.h */ = {isa = PBXFileReference; fileEncoding = 4; lastKnownFileType = sourcecode.c.h; path = ZBarReaderController.h; sourceTree = "<group>"; };
		1806D7861BF97AB00069B693 /* ZBarReaderView.h */ = {isa = PBXFileReference; fileEncoding = 4; lastKnownFileType = sourcecode.c.h; path = ZBarReaderView.h; sourceTree = "<group>"; };
		1806D7871BF97AB00069B693 /* ZBarReaderViewController.h */ = {isa = PBXFileReference; fileEncoding = 4; lastKnownFileType = sourcecode.c.h; path = ZBarReaderViewController.h; sourceTree = "<group>"; };
		1806D7881BF97AB00069B693 /* ZBarSDK.h */ = {isa = PBXFileReference; fileEncoding = 4; lastKnownFileType = sourcecode.c.h; path = ZBarSDK.h; sourceTree = "<group>"; };
		1806D7891BF97AB00069B693 /* ZBarSymbol.h */ = {isa = PBXFileReference; fileEncoding = 4; lastKnownFileType = sourcecode.c.h; path = ZBarSymbol.h; sourceTree = "<group>"; };
		1806D78A1BF97AB00069B693 /* libzbar.a */ = {isa = PBXFileReference; lastKnownFileType = archive.ar; path = libzbar.a; sourceTree = "<group>"; };
		1806D78C1BF97AB00069B693 /* zbar-back.png */ = {isa = PBXFileReference; lastKnownFileType = image.png; path = "zbar-back.png"; sourceTree = "<group>"; };
		1806D78D1BF97AB00069B693 /* zbar-help.html */ = {isa = PBXFileReference; fileEncoding = 4; lastKnownFileType = text.html; path = "zbar-help.html"; sourceTree = "<group>"; };
		1806D78E1BF97AB00069B693 /* zbar-helpicons.png */ = {isa = PBXFileReference; lastKnownFileType = image.png; path = "zbar-helpicons.png"; sourceTree = "<group>"; };
		1806D78F1BF97AB00069B693 /* zbar-samples.png */ = {isa = PBXFileReference; lastKnownFileType = image.png; path = "zbar-samples.png"; sourceTree = "<group>"; };
		1806D79A1BF9E7760069B693 /* libiconv.tbd */ = {isa = PBXFileReference; lastKnownFileType = "sourcecode.text-based-dylib-definition"; name = libiconv.tbd; path = usr/lib/libiconv.tbd; sourceTree = SDKROOT; };
		1843E1091BE752C900FDD8E4 /* QRCodeDemo.app */ = {isa = PBXFileReference; explicitFileType = wrapper.application; includeInIndex = 0; path = QRCodeDemo.app; sourceTree = BUILT_PRODUCTS_DIR; };
		1843E10D1BE752C900FDD8E4 /* main.m */ = {isa = PBXFileReference; lastKnownFileType = sourcecode.c.objc; path = main.m; sourceTree = "<group>"; };
		1843E10F1BE752C900FDD8E4 /* AppDelegate.h */ = {isa = PBXFileReference; lastKnownFileType = sourcecode.c.h; path = AppDelegate.h; sourceTree = "<group>"; };
		1843E1101BE752C900FDD8E4 /* AppDelegate.m */ = {isa = PBXFileReference; lastKnownFileType = sourcecode.c.objc; path = AppDelegate.m; sourceTree = "<group>"; };
		1843E1161BE752C900FDD8E4 /* Base */ = {isa = PBXFileReference; lastKnownFileType = file.storyboard; name = Base; path = Base.lproj/Main.storyboard; sourceTree = "<group>"; };
		1843E1181BE752C900FDD8E4 /* Assets.xcassets */ = {isa = PBXFileReference; lastKnownFileType = folder.assetcatalog; path = Assets.xcassets; sourceTree = "<group>"; };
		1843E11B1BE752C900FDD8E4 /* Base */ = {isa = PBXFileReference; lastKnownFileType = file.storyboard; name = Base; path = Base.lproj/LaunchScreen.storyboard; sourceTree = "<group>"; };
		1843E11D1BE752C900FDD8E4 /* Info.plist */ = {isa = PBXFileReference; lastKnownFileType = text.plist.xml; path = Info.plist; sourceTree = "<group>"; };
		1843E1221BE752CA00FDD8E4 /* QRCodeDemoTests.xctest */ = {isa = PBXFileReference; explicitFileType = wrapper.cfbundle; includeInIndex = 0; path = QRCodeDemoTests.xctest; sourceTree = BUILT_PRODUCTS_DIR; };
		1843E1261BE752CA00FDD8E4 /* QRCodeDemoTests.m */ = {isa = PBXFileReference; lastKnownFileType = sourcecode.c.objc; path = QRCodeDemoTests.m; sourceTree = "<group>"; };
		1843E1281BE752CA00FDD8E4 /* Info.plist */ = {isa = PBXFileReference; lastKnownFileType = text.plist.xml; path = Info.plist; sourceTree = "<group>"; };
		1843E12D1BE752CA00FDD8E4 /* QRCodeDemoUITests.xctest */ = {isa = PBXFileReference; explicitFileType = wrapper.cfbundle; includeInIndex = 0; path = QRCodeDemoUITests.xctest; sourceTree = BUILT_PRODUCTS_DIR; };
		1843E1311BE752CB00FDD8E4 /* QRCodeDemoUITests.m */ = {isa = PBXFileReference; lastKnownFileType = sourcecode.c.objc; path = QRCodeDemoUITests.m; sourceTree = "<group>"; };
		1843E1331BE752CB00FDD8E4 /* Info.plist */ = {isa = PBXFileReference; lastKnownFileType = text.plist.xml; path = Info.plist; sourceTree = "<group>"; };
		1843E13F1BE757D800FDD8E4 /* QRCodeViewController.h */ = {isa = PBXFileReference; fileEncoding = 4; lastKnownFileType = sourcecode.c.h; path = QRCodeViewController.h; sourceTree = "<group>"; };
		1843E1401BE757D800FDD8E4 /* QRCodeViewController.m */ = {isa = PBXFileReference; fileEncoding = 4; lastKnownFileType = sourcecode.c.objc; path = QRCodeViewController.m; sourceTree = "<group>"; };
		1843E1421BE75AEA00FDD8E4 /* ViewController.h */ = {isa = PBXFileReference; fileEncoding = 4; lastKnownFileType = sourcecode.c.h; path = ViewController.h; sourceTree = "<group>"; };
		1843E1431BE75AEA00FDD8E4 /* ViewController.m */ = {isa = PBXFileReference; fileEncoding = 4; lastKnownFileType = sourcecode.c.objc; path = ViewController.m; sourceTree = "<group>"; };
		186962FF1BFEABC0007A0693 /* QROverlayView.h */ = {isa = PBXFileReference; fileEncoding = 4; lastKnownFileType = sourcecode.c.h; path = QROverlayView.h; sourceTree = "<group>"; };
		186963001BFEABC0007A0693 /* QROverlayView.m */ = {isa = PBXFileReference; fileEncoding = 4; lastKnownFileType = sourcecode.c.objc; path = QROverlayView.m; sourceTree = "<group>"; };
		18FAF1F21BF5B39E00A06040 /* QRUtil.h */ = {isa = PBXFileReference; fileEncoding = 4; lastKnownFileType = sourcecode.c.h; path = QRUtil.h; sourceTree = "<group>"; };
		18FAF1F31BF5B39E00A06040 /* QRUtil.m */ = {isa = PBXFileReference; fileEncoding = 4; lastKnownFileType = sourcecode.c.objc; path = QRUtil.m; sourceTree = "<group>"; };
		346A93251097907FA92EA0DD /* Pods_QRCodeDemo.framework */ = {isa = PBXFileReference; explicitFileType = wrapper.framework; includeInIndex = 0; path = Pods_QRCodeDemo.framework; sourceTree = BUILT_PRODUCTS_DIR; };
		9832D9729B13830457198D12 /* Pods-QRCodeDemo.debug.xcconfig */ = {isa = PBXFileReference; includeInIndex = 1; lastKnownFileType = text.xcconfig; name = "Pods-QRCodeDemo.debug.xcconfig"; path = "Pods/Target Support Files/Pods-QRCodeDemo/Pods-QRCodeDemo.debug.xcconfig"; sourceTree = "<group>"; };
		FA53446D89AC3CE6D7C1C28A /* Pods-QRCodeDemo.release.xcconfig */ = {isa = PBXFileReference; includeInIndex = 1; lastKnownFileType = text.xcconfig; name = "Pods-QRCodeDemo.release.xcconfig"; path = "Pods/Target Support Files/Pods-QRCodeDemo/Pods-QRCodeDemo.release.xcconfig"; sourceTree = "<group>"; };
/* End PBXFileReference section */

/* Begin PBXFrameworksBuildPhase section */
		1843E1061BE752C900FDD8E4 /* Frameworks */ = {
			isa = PBXFrameworksBuildPhase;
			buildActionMask = 2147483647;
			files = (
				1806D79B1BF9E7760069B693 /* libiconv.tbd in Frameworks */,
				1806D7901BF97AB00069B693 /* libzbar.a in Frameworks */,
				AAC8413AE6C5BD7290A8DE87 /* Pods_QRCodeDemo.framework in Frameworks */,
			);
			runOnlyForDeploymentPostprocessing = 0;
		};
		1843E11F1BE752CA00FDD8E4 /* Frameworks */ = {
			isa = PBXFrameworksBuildPhase;
			buildActionMask = 2147483647;
			files = (
			);
			runOnlyForDeploymentPostprocessing = 0;
		};
		1843E12A1BE752CA00FDD8E4 /* Frameworks */ = {
			isa = PBXFrameworksBuildPhase;
			buildActionMask = 2147483647;
			files = (
			);
			runOnlyForDeploymentPostprocessing = 0;
		};
/* End PBXFrameworksBuildPhase section */

/* Begin PBXGroup section */
		00057F49555C0D3913EAA2C8 /* Pods */ = {
			isa = PBXGroup;
			children = (
				9832D9729B13830457198D12 /* Pods-QRCodeDemo.debug.xcconfig */,
				FA53446D89AC3CE6D7C1C28A /* Pods-QRCodeDemo.release.xcconfig */,
			);
			name = Pods;
			sourceTree = "<group>";
		};
		1806D7721BF97AB00069B693 /* ZBarSDK */ = {
			isa = PBXGroup;
			children = (
				1806D7731BF97AB00069B693 /* Headers */,
				1806D78A1BF97AB00069B693 /* libzbar.a */,
				1806D78B1BF97AB00069B693 /* Resources */,
			);
			path = ZBarSDK;
			sourceTree = "<group>";
		};
		1806D7731BF97AB00069B693 /* Headers */ = {
			isa = PBXGroup;
			children = (
				1806D7741BF97AB00069B693 /* ZBarSDK */,
			);
			path = Headers;
			sourceTree = "<group>";
		};
		1806D7741BF97AB00069B693 /* ZBarSDK */ = {
			isa = PBXGroup;
			children = (
				1806D7751BF97AB00069B693 /* zbar */,
				1806D77F1BF97AB00069B693 /* zbar.h */,
				1806D7801BF97AB00069B693 /* ZBarCameraSimulator.h */,
				1806D7811BF97AB00069B693 /* ZBarCaptureReader.h */,
				1806D7821BF97AB00069B693 /* ZBarHelpController.h */,
				1806D7831BF97AB00069B693 /* ZBarImage.h */,
				1806D7841BF97AB00069B693 /* ZBarImageScanner.h */,
				1806D7851BF97AB00069B693 /* ZBarReaderController.h */,
				1806D7861BF97AB00069B693 /* ZBarReaderView.h */,
				1806D7871BF97AB00069B693 /* ZBarReaderViewController.h */,
				1806D7881BF97AB00069B693 /* ZBarSDK.h */,
				1806D7891BF97AB00069B693 /* ZBarSymbol.h */,
			);
			path = ZBarSDK;
			sourceTree = "<group>";
		};
		1806D7751BF97AB00069B693 /* zbar */ = {
			isa = PBXGroup;
			children = (
				1806D7761BF97AB00069B693 /* Decoder.h */,
				1806D7771BF97AB00069B693 /* Exception.h */,
				1806D7781BF97AB00069B693 /* Image.h */,
				1806D7791BF97AB00069B693 /* ImageScanner.h */,
				1806D77A1BF97AB00069B693 /* Processor.h */,
				1806D77B1BF97AB00069B693 /* Scanner.h */,
				1806D77C1BF97AB00069B693 /* Symbol.h */,
				1806D77D1BF97AB00069B693 /* Video.h */,
				1806D77E1BF97AB00069B693 /* Window.h */,
			);
			path = zbar;
			sourceTree = "<group>";
		};
		1806D78B1BF97AB00069B693 /* Resources */ = {
			isa = PBXGroup;
			children = (
				1806D78C1BF97AB00069B693 /* zbar-back.png */,
				1806D78D1BF97AB00069B693 /* zbar-help.html */,
				1806D78E1BF97AB00069B693 /* zbar-helpicons.png */,
				1806D78F1BF97AB00069B693 /* zbar-samples.png */,
			);
			path = Resources;
			sourceTree = "<group>";
		};
		1843E1001BE752C900FDD8E4 = {
			isa = PBXGroup;
			children = (
				1806D79A1BF9E7760069B693 /* libiconv.tbd */,
				1806D7721BF97AB00069B693 /* ZBarSDK */,
				1843E10B1BE752C900FDD8E4 /* QRCodeDemo */,
				1843E1251BE752CA00FDD8E4 /* QRCodeDemoTests */,
				1843E1301BE752CA00FDD8E4 /* QRCodeDemoUITests */,
				1843E10A1BE752C900FDD8E4 /* Products */,
				00057F49555C0D3913EAA2C8 /* Pods */,
				8D342C4F2F7BA98748CCDC03 /* Frameworks */,
			);
			sourceTree = "<group>";
		};
		1843E10A1BE752C900FDD8E4 /* Products */ = {
			isa = PBXGroup;
			children = (
				1843E1091BE752C900FDD8E4 /* QRCodeDemo.app */,
				1843E1221BE752CA00FDD8E4 /* QRCodeDemoTests.xctest */,
				1843E12D1BE752CA00FDD8E4 /* QRCodeDemoUITests.xctest */,
			);
			name = Products;
			sourceTree = "<group>";
		};
		1843E10B1BE752C900FDD8E4 /* QRCodeDemo */ = {
			isa = PBXGroup;
			children = (
				1843E10F1BE752C900FDD8E4 /* AppDelegate.h */,
				1843E1101BE752C900FDD8E4 /* AppDelegate.m */,
				1843E1421BE75AEA00FDD8E4 /* ViewController.h */,
				1843E1431BE75AEA00FDD8E4 /* ViewController.m */,
				1843E13F1BE757D800FDD8E4 /* QRCodeViewController.h */,
				1843E1401BE757D800FDD8E4 /* QRCodeViewController.m */,
				186962FF1BFEABC0007A0693 /* QROverlayView.h */,
				186963001BFEABC0007A0693 /* QROverlayView.m */,
				18FAF1F21BF5B39E00A06040 /* QRUtil.h */,
				18FAF1F31BF5B39E00A06040 /* QRUtil.m */,
				1843E1151BE752C900FDD8E4 /* Main.storyboard */,
				1843E1181BE752C900FDD8E4 /* Assets.xcassets */,
				1843E11A1BE752C900FDD8E4 /* LaunchScreen.storyboard */,
				1843E11D1BE752C900FDD8E4 /* Info.plist */,
				1843E10C1BE752C900FDD8E4 /* Supporting Files */,
			);
			path = QRCodeDemo;
			sourceTree = "<group>";
		};
		1843E10C1BE752C900FDD8E4 /* Supporting Files */ = {
			isa = PBXGroup;
			children = (
				1843E10D1BE752C900FDD8E4 /* main.m */,
			);
			name = "Supporting Files";
			sourceTree = "<group>";
		};
		1843E1251BE752CA00FDD8E4 /* QRCodeDemoTests */ = {
			isa = PBXGroup;
			children = (
				1843E1261BE752CA00FDD8E4 /* QRCodeDemoTests.m */,
				1843E1281BE752CA00FDD8E4 /* Info.plist */,
			);
			path = QRCodeDemoTests;
			sourceTree = "<group>";
		};
		1843E1301BE752CA00FDD8E4 /* QRCodeDemoUITests */ = {
			isa = PBXGroup;
			children = (
				1843E1311BE752CB00FDD8E4 /* QRCodeDemoUITests.m */,
				1843E1331BE752CB00FDD8E4 /* Info.plist */,
			);
			path = QRCodeDemoUITests;
			sourceTree = "<group>";
		};
		8D342C4F2F7BA98748CCDC03 /* Frameworks */ = {
			isa = PBXGroup;
			children = (
				346A93251097907FA92EA0DD /* Pods_QRCodeDemo.framework */,
			);
			name = Frameworks;
			sourceTree = "<group>";
		};
/* End PBXGroup section */

/* Begin PBXNativeTarget section */
		1843E1081BE752C900FDD8E4 /* QRCodeDemo */ = {
			isa = PBXNativeTarget;
			buildConfigurationList = 1843E1361BE752CB00FDD8E4 /* Build configuration list for PBXNativeTarget "QRCodeDemo" */;
			buildPhases = (
				0C5F417B9140AC260999EAF5 /* [CP] Check Pods Manifest.lock */,
				1843E1051BE752C900FDD8E4 /* Sources */,
				1843E1061BE752C900FDD8E4 /* Frameworks */,
				1843E1071BE752C900FDD8E4 /* Resources */,
				1FC988BF81B394DCD0AF1E34 /* [CP] Embed Pods Frameworks */,
			);
			buildRules = (
			);
			dependencies = (
			);
			name = QRCodeDemo;
			productName = QRCodeDemo;
			productReference = 1843E1091BE752C900FDD8E4 /* QRCodeDemo.app */;
			productType = "com.apple.product-type.application";
		};
		1843E1211BE752CA00FDD8E4 /* QRCodeDemoTests */ = {
			isa = PBXNativeTarget;
			buildConfigurationList = 1843E1391BE752CB00FDD8E4 /* Build configuration list for PBXNativeTarget "QRCodeDemoTests" */;
			buildPhases = (
				1843E11E1BE752CA00FDD8E4 /* Sources */,
				1843E11F1BE752CA00FDD8E4 /* Frameworks */,
				1843E1201BE752CA00FDD8E4 /* Resources */,
			);
			buildRules = (
			);
			dependencies = (
				1843E1241BE752CA00FDD8E4 /* PBXTargetDependency */,
			);
			name = QRCodeDemoTests;
			productName = QRCodeDemoTests;
			productReference = 1843E1221BE752CA00FDD8E4 /* QRCodeDemoTests.xctest */;
			productType = "com.apple.product-type.bundle.unit-test";
		};
		1843E12C1BE752CA00FDD8E4 /* QRCodeDemoUITests */ = {
			isa = PBXNativeTarget;
			buildConfigurationList = 1843E13C1BE752CB00FDD8E4 /* Build configuration list for PBXNativeTarget "QRCodeDemoUITests" */;
			buildPhases = (
				1843E1291BE752CA00FDD8E4 /* Sources */,
				1843E12A1BE752CA00FDD8E4 /* Frameworks */,
				1843E12B1BE752CA00FDD8E4 /* Resources */,
			);
			buildRules = (
			);
			dependencies = (
				1843E12F1BE752CA00FDD8E4 /* PBXTargetDependency */,
			);
			name = QRCodeDemoUITests;
			productName = QRCodeDemoUITests;
			productReference = 1843E12D1BE752CA00FDD8E4 /* QRCodeDemoUITests.xctest */;
			productType = "com.apple.product-type.bundle.ui-testing";
		};
/* End PBXNativeTarget section */

/* Begin PBXProject section */
		1843E1011BE752C900FDD8E4 /* Project object */ = {
			isa = PBXProject;
			attributes = {
				LastUpgradeCheck = 0710;
				ORGANIZATIONNAME = storm;
				TargetAttributes = {
					1843E1081BE752C900FDD8E4 = {
						CreatedOnToolsVersion = 7.1;
						DevelopmentTeam = 72WPMS2RHL;
						ProvisioningStyle = Manual;
					};
					1843E1211BE752CA00FDD8E4 = {
						CreatedOnToolsVersion = 7.1;
						TestTargetID = 1843E1081BE752C900FDD8E4;
					};
					1843E12C1BE752CA00FDD8E4 = {
						CreatedOnToolsVersion = 7.1;
						TestTargetID = 1843E1081BE752C900FDD8E4;
					};
				};
			};
			buildConfigurationList = 1843E1041BE752C900FDD8E4 /* Build configuration list for PBXProject "QRCodeDemo" */;
			compatibilityVersion = "Xcode 3.2";
			developmentRegion = English;
			hasScannedForEncodings = 0;
			knownRegions = (
				en,
				Base,
			);
			mainGroup = 1843E1001BE752C900FDD8E4;
			productRefGroup = 1843E10A1BE752C900FDD8E4 /* Products */;
			projectDirPath = "";
			projectRoot = "";
			targets = (
				1843E1081BE752C900FDD8E4 /* QRCodeDemo */,
				1843E1211BE752CA00FDD8E4 /* QRCodeDemoTests */,
				1843E12C1BE752CA00FDD8E4 /* QRCodeDemoUITests */,
			);
		};
/* End PBXProject section */

/* Begin PBXResourcesBuildPhase section */
		1843E1071BE752C900FDD8E4 /* Resources */ = {
			isa = PBXResourcesBuildPhase;
			buildActionMask = 2147483647;
			files = (
				1843E11C1BE752C900FDD8E4 /* LaunchScreen.storyboard in Resources */,
				1806D7921BF97AB00069B693 /* zbar-help.html in Resources */,
				1806D7941BF97AB00069B693 /* zbar-samples.png in Resources */,
				1806D7931BF97AB00069B693 /* zbar-helpicons.png in Resources */,
				1806D7911BF97AB00069B693 /* zbar-back.png in Resources */,
				1843E1191BE752C900FDD8E4 /* Assets.xcassets in Resources */,
				1843E1171BE752C900FDD8E4 /* Main.storyboard in Resources */,
			);
			runOnlyForDeploymentPostprocessing = 0;
		};
		1843E1201BE752CA00FDD8E4 /* Resources */ = {
			isa = PBXResourcesBuildPhase;
			buildActionMask = 2147483647;
			files = (
			);
			runOnlyForDeploymentPostprocessing = 0;
		};
		1843E12B1BE752CA00FDD8E4 /* Resources */ = {
			isa = PBXResourcesBuildPhase;
			buildActionMask = 2147483647;
			files = (
			);
			runOnlyForDeploymentPostprocessing = 0;
		};
/* End PBXResourcesBuildPhase section */

/* Begin PBXShellScriptBuildPhase section */
		0C5F417B9140AC260999EAF5 /* [CP] Check Pods Manifest.lock */ = {
			isa = PBXShellScriptBuildPhase;
			buildActionMask = 2147483647;
			files = (
			);
			inputFileListPaths = (
			);
			inputPaths = (
				"${PODS_PODFILE_DIR_PATH}/Podfile.lock",
				"${PODS_ROOT}/Manifest.lock",
			);
			name = "[CP] Check Pods Manifest.lock";
			outputFileListPaths = (
			);
			outputPaths = (
				"$(DERIVED_FILE_DIR)/Pods-QRCodeDemo-checkManifestLockResult.txt",
			);
			runOnlyForDeploymentPostprocessing = 0;
			shellPath = /bin/sh;
			shellScript = "diff \"${PODS_PODFILE_DIR_PATH}/Podfile.lock\" \"${PODS_ROOT}/Manifest.lock\" > /dev/null\nif [ $? != 0 ] ; then\n    # print error to STDERR\n    echo \"error: The sandbox is not in sync with the Podfile.lock. Run 'pod install' or update your CocoaPods installation.\" >&2\n    exit 1\nfi\n# This output is used by Xcode 'outputs' to avoid re-running this script phase.\necho \"SUCCESS\" > \"${SCRIPT_OUTPUT_FILE_0}\"\n";
			showEnvVarsInLog = 0;
		};
		1FC988BF81B394DCD0AF1E34 /* [CP] Embed Pods Frameworks */ = {
			isa = PBXShellScriptBuildPhase;
			buildActionMask = 2147483647;
			files = (
			);
			inputFileListPaths = (
			);
			inputPaths = (
				"${SRCROOT}/Pods/Target Support Files/Pods-QRCodeDemo/Pods-QRCodeDemo-frameworks.sh",
				"${BUILT_PRODUCTS_DIR}/SDWebImage/SDWebImage.framework",
			);
			name = "[CP] Embed Pods Frameworks";
			outputFileListPaths = (
			);
			outputPaths = (
				"${TARGET_BUILD_DIR}/${FRAMEWORKS_FOLDER_PATH}/SDWebImage.framework",
			);
			runOnlyForDeploymentPostprocessing = 0;
			shellPath = /bin/sh;
			shellScript = "\"${SRCROOT}/Pods/Target Support Files/Pods-QRCodeDemo/Pods-QRCodeDemo-frameworks.sh\"\n";
			showEnvVarsInLog = 0;
		};
/* End PBXShellScriptBuildPhase section */

/* Begin PBXSourcesBuildPhase section */
		1843E1051BE752C900FDD8E4 /* Sources */ = {
			isa = PBXSourcesBuildPhase;
			buildActionMask = 2147483647;
			files = (
				18FAF1F41BF5B39E00A06040 /* QRUtil.m in Sources */,
				1843E1111BE752C900FDD8E4 /* AppDelegate.m in Sources */,
				1843E10E1BE752C900FDD8E4 /* main.m in Sources */,
				1843E1441BE75AEA00FDD8E4 /* ViewController.m in Sources */,
				186963011BFEABC0007A0693 /* QROverlayView.m in Sources */,
				1843E1411BE757D800FDD8E4 /* QRCodeViewController.m in Sources */,
			);
			runOnlyForDeploymentPostprocessing = 0;
		};
		1843E11E1BE752CA00FDD8E4 /* Sources */ = {
			isa = PBXSourcesBuildPhase;
			buildActionMask = 2147483647;
			files = (
				1843E1271BE752CA00FDD8E4 /* QRCodeDemoTests.m in Sources */,
			);
			runOnlyForDeploymentPostprocessing = 0;
		};
		1843E1291BE752CA00FDD8E4 /* Sources */ = {
			isa = PBXSourcesBuildPhase;
			buildActionMask = 2147483647;
			files = (
				1843E1321BE752CB00FDD8E4 /* QRCodeDemoUITests.m in Sources */,
			);
			runOnlyForDeploymentPostprocessing = 0;
		};
/* End PBXSourcesBuildPhase section */

/* Begin PBXTargetDependency section */
		1843E1241BE752CA00FDD8E4 /* PBXTargetDependency */ = {
			isa = PBXTargetDependency;
			target = 1843E1081BE752C900FDD8E4 /* QRCodeDemo */;
			targetProxy = 1843E1231BE752CA00FDD8E4 /* PBXContainerItemProxy */;
		};
		1843E12F1BE752CA00FDD8E4 /* PBXTargetDependency */ = {
			isa = PBXTargetDependency;
			target = 1843E1081BE752C900FDD8E4 /* QRCodeDemo */;
			targetProxy = 1843E12E1BE752CA00FDD8E4 /* PBXContainerItemProxy */;
		};
/* End PBXTargetDependency section */

/* Begin PBXVariantGroup section */
		1843E1151BE752C900FDD8E4 /* Main.storyboard */ = {
			isa = PBXVariantGroup;
			children = (
				1843E1161BE752C900FDD8E4 /* Base */,
			);
			name = Main.storyboard;
			sourceTree = "<group>";
		};
		1843E11A1BE752C900FDD8E4 /* LaunchScreen.storyboard */ = {
			isa = PBXVariantGroup;
			children = (
				1843E11B1BE752C900FDD8E4 /* Base */,
			);
			name = LaunchScreen.storyboard;
			sourceTree = "<group>";
		};
/* End PBXVariantGroup section */

/* Begin XCBuildConfiguration section */
		1843E1341BE752CB00FDD8E4 /* Debug */ = {
			isa = XCBuildConfiguration;
			buildSettings = {
				ALWAYS_SEARCH_USER_PATHS = NO;
				CLANG_CXX_LANGUAGE_STANDARD = "gnu++0x";
				CLANG_CXX_LIBRARY = "libc++";
				CLANG_ENABLE_MODULES = YES;
				CLANG_ENABLE_OBJC_ARC = YES;
				CLANG_WARN_BOOL_CONVERSION = YES;
				CLANG_WARN_CONSTANT_CONVERSION = YES;
				CLANG_WARN_DIRECT_OBJC_ISA_USAGE = YES_ERROR;
				CLANG_WARN_EMPTY_BODY = YES;
				CLANG_WARN_ENUM_CONVERSION = YES;
				CLANG_WARN_INT_CONVERSION = YES;
				CLANG_WARN_OBJC_ROOT_CLASS = YES_ERROR;
				CLANG_WARN_UNREACHABLE_CODE = YES;
				CLANG_WARN__DUPLICATE_METHOD_MATCH = YES;
				"CODE_SIGN_IDENTITY[sdk=iphoneos*]" = "iPhone Developer";
				COPY_PHASE_STRIP = NO;
				DEBUG_INFORMATION_FORMAT = dwarf;
				ENABLE_STRICT_OBJC_MSGSEND = YES;
				ENABLE_TESTABILITY = YES;
				GCC_C_LANGUAGE_STANDARD = gnu99;
				GCC_DYNAMIC_NO_PIC = NO;
				GCC_NO_COMMON_BLOCKS = YES;
				GCC_OPTIMIZATION_LEVEL = 0;
				GCC_PREPROCESSOR_DEFINITIONS = (
					"DEBUG=1",
					"$(inherited)",
				);
				GCC_WARN_64_TO_32_BIT_CONVERSION = YES;
				GCC_WARN_ABOUT_RETURN_TYPE = YES_ERROR;
				GCC_WARN_UNDECLARED_SELECTOR = YES;
				GCC_WARN_UNINITIALIZED_AUTOS = YES_AGGRESSIVE;
				GCC_WARN_UNUSED_FUNCTION = YES;
				GCC_WARN_UNUSED_VARIABLE = YES;
				IPHONEOS_DEPLOYMENT_TARGET = 9.1;
				MTL_ENABLE_DEBUG_INFO = YES;
				ONLY_ACTIVE_ARCH = YES;
				SDKROOT = iphoneos;
			};
			name = Debug;
		};
		1843E1351BE752CB00FDD8E4 /* Release */ = {
			isa = XCBuildConfiguration;
			buildSettings = {
				ALWAYS_SEARCH_USER_PATHS = NO;
				CLANG_CXX_LANGUAGE_STANDARD = "gnu++0x";
				CLANG_CXX_LIBRARY = "libc++";
				CLANG_ENABLE_MODULES = YES;
				CLANG_ENABLE_OBJC_ARC = YES;
				CLANG_WARN_BOOL_CONVERSION = YES;
				CLANG_WARN_CONSTANT_CONVERSION = YES;
				CLANG_WARN_DIRECT_OBJC_ISA_USAGE = YES_ERROR;
				CLANG_WARN_EMPTY_BODY = YES;
				CLANG_WARN_ENUM_CONVERSION = YES;
				CLANG_WARN_INT_CONVERSION = YES;
				CLANG_WARN_OBJC_ROOT_CLASS = YES_ERROR;
				CLANG_WARN_UNREACHABLE_CODE = YES;
				CLANG_WARN__DUPLICATE_METHOD_MATCH = YES;
				"CODE_SIGN_IDENTITY[sdk=iphoneos*]" = "iPhone Developer";
				COPY_PHASE_STRIP = NO;
				DEBUG_INFORMATION_FORMAT = "dwarf-with-dsym";
				ENABLE_NS_ASSERTIONS = NO;
				ENABLE_STRICT_OBJC_MSGSEND = YES;
				GCC_C_LANGUAGE_STANDARD = gnu99;
				GCC_NO_COMMON_BLOCKS = YES;
				GCC_WARN_64_TO_32_BIT_CONVERSION = YES;
				GCC_WARN_ABOUT_RETURN_TYPE = YES_ERROR;
				GCC_WARN_UNDECLARED_SELECTOR = YES;
				GCC_WARN_UNINITIALIZED_AUTOS = YES_AGGRESSIVE;
				GCC_WARN_UNUSED_FUNCTION = YES;
				GCC_WARN_UNUSED_VARIABLE = YES;
				IPHONEOS_DEPLOYMENT_TARGET = 9.1;
				MTL_ENABLE_DEBUG_INFO = NO;
				SDKROOT = iphoneos;
				VALIDATE_PRODUCT = YES;
			};
			name = Release;
		};
		1843E1371BE752CB00FDD8E4 /* Debug */ = {
			isa = XCBuildConfiguration;
			baseConfigurationReference = 9832D9729B13830457198D12 /* Pods-QRCodeDemo.debug.xcconfig */;
			buildSettings = {
				ASSETCATALOG_COMPILER_APPICON_NAME = AppIcon;
				CODE_SIGN_IDENTITY = "iPhone Developer";
				CODE_SIGN_STYLE = Manual;
				DEVELOPMENT_TEAM = 72WPMS2RHL;
				ENABLE_BITCODE = NO;
				INFOPLIST_FILE = QRCodeDemo/Info.plist;
				IPHONEOS_DEPLOYMENT_TARGET = 9.1;
				LD_RUNPATH_SEARCH_PATHS = "$(inherited) @executable_path/Frameworks";
				LIBRARY_SEARCH_PATHS = (
					"$(inherited)",
					"$(PROJECT_DIR)/ZBarSDK",
				);
				PRODUCT_BUNDLE_IDENTIFIER = com.cooltravel.QRCodeDemo;
				PRODUCT_NAME = "$(TARGET_NAME)";
				PROVISIONING_PROFILE_SPECIFIER = ios_test_profile;
			};
			name = Debug;
		};
		1843E1381BE752CB00FDD8E4 /* Release */ = {
			isa = XCBuildConfiguration;
			baseConfigurationReference = FA53446D89AC3CE6D7C1C28A /* Pods-QRCodeDemo.release.xcconfig */;
			buildSettings = {
				ASSETCATALOG_COMPILER_APPICON_NAME = AppIcon;
				CODE_SIGN_IDENTITY = "iPhone Distribution";
				CODE_SIGN_STYLE = Manual;
				DEVELOPMENT_TEAM = 72WPMS2RHL;
				ENABLE_BITCODE = NO;
				INFOPLIST_FILE = QRCodeDemo/Info.plist;
				IPHONEOS_DEPLOYMENT_TARGET = 9.1;
				LD_RUNPATH_SEARCH_PATHS = "$(inherited) @executable_path/Frameworks";
				LIBRARY_SEARCH_PATHS = (
					"$(inherited)",
					"$(PROJECT_DIR)/ZBarSDK",
				);
				PRODUCT_BUNDLE_IDENTIFIER = com.cooltravel.QRCodeDemo;
				PRODUCT_NAME = "$(TARGET_NAME)";
				PROVISIONING_PROFILE_SPECIFIER = ios_distri_profile;
			};
			name = Release;
		};
		1843E13A1BE752CB00FDD8E4 /* Debug */ = {
			isa = XCBuildConfiguration;
			buildSettings = {
				BUNDLE_LOADER = "$(TEST_HOST)";
				INFOPLIST_FILE = QRCodeDemoTests/Info.plist;
				LD_RUNPATH_SEARCH_PATHS = "$(inherited) @executable_path/Frameworks @loader_path/Frameworks";
				PRODUCT_BUNDLE_IDENTIFIER = com.storm.QRCodeDemoTests;
				PRODUCT_NAME = "$(TARGET_NAME)";
				TEST_HOST = "$(BUILT_PRODUCTS_DIR)/QRCodeDemo.app/QRCodeDemo";
			};
			name = Debug;
		};
		1843E13B1BE752CB00FDD8E4 /* Release */ = {
			isa = XCBuildConfiguration;
			buildSettings = {
				BUNDLE_LOADER = "$(TEST_HOST)";
				INFOPLIST_FILE = QRCodeDemoTests/Info.plist;
				LD_RUNPATH_SEARCH_PATHS = "$(inherited) @executable_path/Frameworks @loader_path/Frameworks";
				PRODUCT_BUNDLE_IDENTIFIER = com.storm.QRCodeDemoTests;
				PRODUCT_NAME = "$(TARGET_NAME)";
				TEST_HOST = "$(BUILT_PRODUCTS_DIR)/QRCodeDemo.app/QRCodeDemo";
			};
			name = Release;
		};
		1843E13D1BE752CB00FDD8E4 /* Debug */ = {
			isa = XCBuildConfiguration;
			buildSettings = {
				INFOPLIST_FILE = QRCodeDemoUITests/Info.plist;
				LD_RUNPATH_SEARCH_PATHS = "$(inherited) @executable_path/Frameworks @loader_path/Frameworks";
				PRODUCT_BUNDLE_IDENTIFIER = com.storm.QRCodeDemoUITests;
				PRODUCT_NAME = "$(TARGET_NAME)";
				TEST_TARGET_NAME = QRCodeDemo;
				USES_XCTRUNNER = YES;
			};
			name = Debug;
		};
		1843E13E1BE752CB00FDD8E4 /* Release */ = {
			isa = XCBuildConfiguration;
			buildSettings = {
				INFOPLIST_FILE = QRCodeDemoUITests/Info.plist;
				LD_RUNPATH_SEARCH_PATHS = "$(inherited) @executable_path/Frameworks @loader_path/Frameworks";
				PRODUCT_BUNDLE_IDENTIFIER = com.storm.QRCodeDemoUITests;
				PRODUCT_NAME = "$(TARGET_NAME)";
				TEST_TARGET_NAME = QRCodeDemo;
				USES_XCTRUNNER = YES;
			};
			name = Release;
		};
/* End XCBuildConfiguration section */

/* Begin XCConfigurationList section */
		1843E1041BE752C900FDD8E4 /* Build configuration list for PBXProject "QRCodeDemo" */ = {
			isa = XCConfigurationList;
			buildConfigurations = (
				1843E1341BE752CB00FDD8E4 /* Debug */,
				1843E1351BE752CB00FDD8E4 /* Release */,
			);
			defaultConfigurationIsVisible = 0;
			defaultConfigurationName = Release;
		};
		1843E1361BE752CB00FDD8E4 /* Build configuration list for PBXNativeTarget "QRCodeDemo" */ = {
			isa = XCConfigurationList;
			buildConfigurations = (
				1843E1371BE752CB00FDD8E4 /* Debug */,
				1843E1381BE752CB00FDD8E4 /* Release */,
			);
			defaultConfigurationIsVisible = 0;
			defaultConfigurationName = Release;
		};
		1843E1391BE752CB00FDD8E4 /* Build configuration list for PBXNativeTarget "QRCodeDemoTests" */ = {
			isa = XCConfigurationList;
			buildConfigurations = (
				1843E13A1BE752CB00FDD8E4 /* Debug */,
				1843E13B1BE752CB00FDD8E4 /* Release */,
			);
			defaultConfigurationIsVisible = 0;
			defaultConfigurationName = Release;
		};
		1843E13C1BE752CB00FDD8E4 /* Build configuration list for PBXNativeTarget "QRCodeDemoUITests" */ = {
			isa = XCConfigurationList;
			buildConfigurations = (
				1843E13D1BE752CB00FDD8E4 /* Debug */,
				1843E13E1BE752CB00FDD8E4 /* Release */,
			);
			defaultConfigurationIsVisible = 0;
			defaultConfigurationName = Release;
		};
/* End XCConfigurationList section */
	};
	rootObject = 1843E1011BE752C900FDD8E4 /* Project object */;
}
